{
  "requires": true,
  "lockfileVersion": 1,
  "dependencies": {
    "ionic2-calendar": {
      "version": "0.6.2",
      "resolved": "https://registry.npmjs.org/ionic2-calendar/-/ionic2-calendar-0.6.2.tgz",
      "integrity": "sha512-9OObc9exJTPEtviY8I9nXqiwxagyjv4tJbp6Qa6z2y0WM+SLbqJO1JXh08gmrwVS7kIfyVyCUpMD708HyTxM3w=="
    }
  }
}
